# generated by rye
# use `rye lock` or `rye sync` to update this lockfile
#
# last locked with the following flags:
#   pre: false
#   features: []
#   all-features: false
#   with-sources: false
#   generate-hashes: false
#   universal: false

-e file:.
aiosqlite==0.20.0
    # via wild-ktv
blinker==1.9.0
    # via flask
certifi==2024.8.30
    # via requests
charset-normalizer==3.4.0
    # via requests
click==8.1.7
    # via flask
colorama==0.4.6
    # via click
docutils==0.21.2
    # via kivy
ffpyplayer==4.5.2
    # via wild-ktv
flask==3.1.0
greenlet==3.1.1
    # via sqlalchemy
idna==3.10
    # via requests
itsdangerous==2.2.0
    # via flask
jinja2==3.1.4
    # via flask
kivy==2.3.0
    # via wild-ktv
kivy-deps-angle==0.4.0
    # via kivy
kivy-deps-glew==0.3.1
    # via kivy
kivy-deps-gstreamer==0.3.4
    # via kivy
    # via wild-ktv
kivy-deps-sdl2==0.7.0
    # via kivy
kivy-garden==0.1.5
    # via kivy
markupsafe==3.0.2
    # via jinja2
    # via werkzeug
pillow==10.4.0
    # via kivy
pygments==2.18.0
    # via kivy
pypiwin32==223
    # via kivy
pywin32==308
    # via pypiwin32
pyyaml==6.0.2
    # via wild-ktv
requests==2.32.3
    # via kivy
    # via kivy-garden
sqlalchemy==2.0.36
    # via wild-ktv
typing-extensions==4.12.2
    # via aiosqlite
    # via sqlalchemy
urllib3==2.2.3
    # via requests
werkzeug==3.1.3
    # via flask
